
Microsoft Visual Studio Solution File, Format Version 12.00
# Visual Studio 15
VisualStudioVersion = 15.0.28307.271
MinimumVisualStudioVersion = 10.0.40219.1
Project("{F2A71F9B-5D33-465A-A702-920D77279786}") = "MathDisplay", "MathDisplay\MathDisplay.fsproj", "{3CA69605-37D4-46F0-AEC8-252DF7F9A2FE}"
EndProject
Global
	GlobalSection(SolutionConfigurationPlatforms) = preSolution
		Debug|Any CPU = Debug|Any CPU
		Release|Any CPU = Release|Any CPU
	EndGlobalSection
	GlobalSection(ProjectConfigurationPlatforms) = postSolution
		{3CA69605-37D4-46F0-AEC8-252DF7F9A2FE}.Debug|Any CPU.ActiveCfg = Debug|Any CPU
		{3CA69605-37D4-46F0-AEC8-252DF7F9A2FE}.Debug|Any CPU.Build.0 = Debug|Any CPU
		{3CA69605-37D4-46F0-AEC8-252DF7F9A2FE}.Release|Any CPU.ActiveCfg = Release|Any CPU
		{3CA69605-37D4-46F0-AEC8-252DF7F9A2FE}.Release|Any CPU.Build.0 = Release|Any CPU
	EndGlobalSection
	GlobalSection(SolutionProperties) = preSolution
		HideSolutionNode = FALSE
	EndGlobalSection
	GlobalSection(ExtensibilityGlobals) = postSolution
		SolutionGuid = {4BCF12CB-CBC2-43EE-BA83-92E394B0FA2B}
	EndGlobalSection
EndGlobal
